
Microsoft Visual Studio Solution File, Format Version 12.00
# Visual Studio Version 17
VisualStudioVersion = 17.2.32519.379
MinimumVisualStudioVersion = 10.0.40219.1
Project("{FAE04EC0-301F-11D3-BF4B-00C04F79EFBC}") = "Ecommerce.API", "Ecommerce.API\Ecommerce.API.csproj", "{4F4B51BD-B775-405B-89C8-745B1C923DAC}"
EndProject
Project("{2150E333-8FDC-42A3-9474-1A3956D46DE8}") = "src", "src", "{3983F334-8AE2-4FCF-BDF2-3C9B3456358F}"
EndProject
Project("{2150E333-8FDC-42A3-9474-1A3956D46DE8}") = "01 - API", "01 - API", "{FF21740A-8421-48D8-B9AB-868B0DF43D82}"
EndProject
Project("{2150E333-8FDC-42A3-9474-1A3956D46DE8}") = "02 - Service", "02 - Service", "{B50A86D7-8A3D-4708-81F4-6340998404BC}"
EndProject
Project("{2150E333-8FDC-42A3-9474-1A3956D46DE8}") = "03 - DAL", "03 - DAL", "{AAC01E9D-5833-4147-B2B0-5CCEFBD7B457}"
EndProject
Project("{2150E333-8FDC-42A3-9474-1A3956D46DE8}") = "04 - Models", "04 - Models", "{884B9847-6B79-4603-87AF-C7D26C7C61B6}"
EndProject
Project("{FAE04EC0-301F-11D3-BF4B-00C04F79EFBC}") = "Ecommerce.Service", "Ecommerce.Service\Ecommerce.Service.csproj", "{78332A68-3C35-49DC-91FD-A9793CC0745A}"
EndProject
Project("{FAE04EC0-301F-11D3-BF4B-00C04F79EFBC}") = "Ecommerce.DAL", "Ecommerce.DAL\Ecommerce.DAL.csproj", "{47D4EDF2-5F58-44D0-973C-3EE6557D2F05}"
EndProject
Project("{FAE04EC0-301F-11D3-BF4B-00C04F79EFBC}") = "Ecommerce.Models", "Ecommerce.Models\Ecommerce.Models.csproj", "{A9AC4D5B-3EB4-44B9-A396-6F3FD59A88AE}"
EndProject
Global
	GlobalSection(SolutionConfigurationPlatforms) = preSolution
		Debug|Any CPU = Debug|Any CPU
		Release|Any CPU = Release|Any CPU
	EndGlobalSection
	GlobalSection(ProjectConfigurationPlatforms) = postSolution
		{4F4B51BD-B775-405B-89C8-745B1C923DAC}.Debug|Any CPU.ActiveCfg = Debug|Any CPU
		{4F4B51BD-B775-405B-89C8-745B1C923DAC}.Debug|Any CPU.Build.0 = Debug|Any CPU
		{4F4B51BD-B775-405B-89C8-745B1C923DAC}.Release|Any CPU.ActiveCfg = Release|Any CPU
		{4F4B51BD-B775-405B-89C8-745B1C923DAC}.Release|Any CPU.Build.0 = Release|Any CPU
		{78332A68-3C35-49DC-91FD-A9793CC0745A}.Debug|Any CPU.ActiveCfg = Debug|Any CPU
		{78332A68-3C35-49DC-91FD-A9793CC0745A}.Debug|Any CPU.Build.0 = Debug|Any CPU
		{78332A68-3C35-49DC-91FD-A9793CC0745A}.Release|Any CPU.ActiveCfg = Release|Any CPU
		{78332A68-3C35-49DC-91FD-A9793CC0745A}.Release|Any CPU.Build.0 = Release|Any CPU
		{47D4EDF2-5F58-44D0-973C-3EE6557D2F05}.Debug|Any CPU.ActiveCfg = Debug|Any CPU
		{47D4EDF2-5F58-44D0-973C-3EE6557D2F05}.Debug|Any CPU.Build.0 = Debug|Any CPU
		{47D4EDF2-5F58-44D0-973C-3EE6557D2F05}.Release|Any CPU.ActiveCfg = Release|Any CPU
		{47D4EDF2-5F58-44D0-973C-3EE6557D2F05}.Release|Any CPU.Build.0 = Release|Any CPU
		{A9AC4D5B-3EB4-44B9-A396-6F3FD59A88AE}.Debug|Any CPU.ActiveCfg = Debug|Any CPU
		{A9AC4D5B-3EB4-44B9-A396-6F3FD59A88AE}.Debug|Any CPU.Build.0 = Debug|Any CPU
		{A9AC4D5B-3EB4-44B9-A396-6F3FD59A88AE}.Release|Any CPU.ActiveCfg = Release|Any CPU
		{A9AC4D5B-3EB4-44B9-A396-6F3FD59A88AE}.Release|Any CPU.Build.0 = Release|Any CPU
	EndGlobalSection
	GlobalSection(SolutionProperties) = preSolution
		HideSolutionNode = FALSE
	EndGlobalSection
	GlobalSection(NestedProjects) = preSolution
		{4F4B51BD-B775-405B-89C8-745B1C923DAC} = {FF21740A-8421-48D8-B9AB-868B0DF43D82}
		{FF21740A-8421-48D8-B9AB-868B0DF43D82} = {3983F334-8AE2-4FCF-BDF2-3C9B3456358F}
		{B50A86D7-8A3D-4708-81F4-6340998404BC} = {3983F334-8AE2-4FCF-BDF2-3C9B3456358F}
		{AAC01E9D-5833-4147-B2B0-5CCEFBD7B457} = {3983F334-8AE2-4FCF-BDF2-3C9B3456358F}
		{884B9847-6B79-4603-87AF-C7D26C7C61B6} = {3983F334-8AE2-4FCF-BDF2-3C9B3456358F}
		{78332A68-3C35-49DC-91FD-A9793CC0745A} = {B50A86D7-8A3D-4708-81F4-6340998404BC}
		{47D4EDF2-5F58-44D0-973C-3EE6557D2F05} = {AAC01E9D-5833-4147-B2B0-5CCEFBD7B457}
		{A9AC4D5B-3EB4-44B9-A396-6F3FD59A88AE} = {884B9847-6B79-4603-87AF-C7D26C7C61B6}
	EndGlobalSection
	GlobalSection(ExtensibilityGlobals) = postSolution
		SolutionGuid = {8E0D3291-465A-4730-BE8B-BDB50322CD32}
	EndGlobalSection
EndGlobal
